
Microsoft Visual Studio Solution File, Format Version 11.00
# Visual Studio 2010
Project("{CC5FD16D-436D-48AD-A40C-5A424C6E3E79}") = "Things", "Things\Things.ccproj", "{846252A3-92C9-4116-B2EF-EED6AACF7ACA}"
EndProject
Project("{FAE04EC0-301F-11D3-BF4B-00C04F79EFBC}") = "Things_Web", "Things_Web\Things_Web.csproj", "{5A97EDB7-52F8-4589-AB16-28A63EA803DB}"
EndProject
Global
	GlobalSection(SolutionConfigurationPlatforms) = preSolution
		Debug|Any CPU = Debug|Any CPU
		Release|Any CPU = Release|Any CPU
	EndGlobalSection
	GlobalSection(ProjectConfigurationPlatforms) = postSolution
		{846252A3-92C9-4116-B2EF-EED6AACF7ACA}.Debug|Any CPU.ActiveCfg = Debug|Any CPU
		{846252A3-92C9-4116-B2EF-EED6AACF7ACA}.Debug|Any CPU.Build.0 = Debug|Any CPU
		{846252A3-92C9-4116-B2EF-EED6AACF7ACA}.Release|Any CPU.ActiveCfg = Release|Any CPU
		{846252A3-92C9-4116-B2EF-EED6AACF7ACA}.Release|Any CPU.Build.0 = Release|Any CPU
		{5A97EDB7-52F8-4589-AB16-28A63EA803DB}.Debug|Any CPU.ActiveCfg = Debug|Any CPU
		{5A97EDB7-52F8-4589-AB16-28A63EA803DB}.Debug|Any CPU.Build.0 = Debug|Any CPU
		{5A97EDB7-52F8-4589-AB16-28A63EA803DB}.Release|Any CPU.ActiveCfg = Release|Any CPU
		{5A97EDB7-52F8-4589-AB16-28A63EA803DB}.Release|Any CPU.Build.0 = Release|Any CPU
	EndGlobalSection
	GlobalSection(SolutionProperties) = preSolution
		HideSolutionNode = FALSE
	EndGlobalSection
EndGlobal
